
Microsoft Visual Studio Solution File, Format Version 12.00
# Visual Studio Version 16
VisualStudioVersion = 16.0.29521.150
MinimumVisualStudioVersion = 10.0.40219.1
Project("{FAE04EC0-301F-11D3-BF4B-00C04F79EFBC}") = "Arvato_Test_assigment", "Arvato_Test_assigment\Arvato_Test_assigment.csproj", "{1F5E22FD-85E0-4041-A1AB-2A242E5ED42E}"
EndProject
Project("{FAE04EC0-301F-11D3-BF4B-00C04F79EFBC}") = "XUnitTestAssigment", "XUnitTestAssigment\XUnitTestAssigment.csproj", "{AD93ABB1-E299-4F67-BBF4-23BEB8370E00}"
EndProject
Global
	GlobalSection(SolutionConfigurationPlatforms) = preSolution
		Debug|Any CPU = Debug|Any CPU
		Release|Any CPU = Release|Any CPU
	EndGlobalSection
	GlobalSection(ProjectConfigurationPlatforms) = postSolution
		{1F5E22FD-85E0-4041-A1AB-2A242E5ED42E}.Debug|Any CPU.ActiveCfg = Debug|Any CPU
		{1F5E22FD-85E0-4041-A1AB-2A242E5ED42E}.Debug|Any CPU.Build.0 = Debug|Any CPU
		{1F5E22FD-85E0-4041-A1AB-2A242E5ED42E}.Release|Any CPU.ActiveCfg = Release|Any CPU
		{1F5E22FD-85E0-4041-A1AB-2A242E5ED42E}.Release|Any CPU.Build.0 = Release|Any CPU
		{AD93ABB1-E299-4F67-BBF4-23BEB8370E00}.Debug|Any CPU.ActiveCfg = Debug|Any CPU
		{AD93ABB1-E299-4F67-BBF4-23BEB8370E00}.Debug|Any CPU.Build.0 = Debug|Any CPU
		{AD93ABB1-E299-4F67-BBF4-23BEB8370E00}.Release|Any CPU.ActiveCfg = Release|Any CPU
		{AD93ABB1-E299-4F67-BBF4-23BEB8370E00}.Release|Any CPU.Build.0 = Release|Any CPU
	EndGlobalSection
	GlobalSection(SolutionProperties) = preSolution
		HideSolutionNode = FALSE
	EndGlobalSection
	GlobalSection(ExtensibilityGlobals) = postSolution
		SolutionGuid = {82035627-C44D-4C4F-BED9-3511A478D25F}
	EndGlobalSection
EndGlobal
